// !$*UTF8*$!
{
	archiveVersion = 1;
	classes = {
	};
	objectVersion = 51;
	objects = {

/* Begin PBXBuildFile section */
		395E4979316BC603296896A4 /* Pods_operation.framework in Frameworks */ = {isa = PBXBuildFile; fileRef = 3C8E59ED37B16D0B091654DB /* Pods_operation.framework */; };
		4AE37FEA26BBE6B900D64DE6 /* AppDelegate.swift in Sources */ = {isa = PBXBuildFile; fileRef = 4AE37FE926BBE6B900D64DE6 /* AppDelegate.swift */; };
		4AE37FEC26BBE6B900D64DE6 /* SceneDelegate.swift in Sources */ = {isa = PBXBuildFile; fileRef = 4AE37FEB26BBE6B900D64DE6 /* SceneDelegate.swift */; };
		4AE37FEE26BBE6B900D64DE6 /* ViewController.swift in Sources */ = {isa = PBXBuildFile; fileRef = 4AE37FED26BBE6B900D64DE6 /* ViewController.swift */; };
		4AE37FF126BBE6B900D64DE6 /* Main.storyboard in Resources */ = {isa = PBXBuildFile; fileRef = 4AE37FEF26BBE6B900D64DE6 /* Main.storyboard */; };
		4AE37FF326BBE6BA00D64DE6 /* Assets.xcassets in Resources */ = {isa = PBXBuildFile; fileRef = 4AE37FF226BBE6BA00D64DE6 /* Assets.xcassets */; };
		4AE37FF626BBE6BA00D64DE6 /* LaunchScreen.storyboard in Resources */ = {isa = PBXBuildFile; fileRef = 4AE37FF426BBE6BA00D64DE6 /* LaunchScreen.storyboard */; };
		4AE3800126BBE6BA00D64DE6 /* operationTests.swift in Sources */ = {isa = PBXBuildFile; fileRef = 4AE3800026BBE6BA00D64DE6 /* operationTests.swift */; };
		4AE3800C26BBE6BA00D64DE6 /* operationUITests.swift in Sources */ = {isa = PBXBuildFile; fileRef = 4AE3800B26BBE6BA00D64DE6 /* operationUITests.swift */; };
		4AE3801A26BBE80500D64DE6 /* ViewModel.swift in Sources */ = {isa = PBXBuildFile; fileRef = 4AE3801926BBE80500D64DE6 /* ViewModel.swift */; };
		67564A7177F76D06BB9E8EF6 /* Pods_operationTests.framework in Frameworks */ = {isa = PBXBuildFile; fileRef = 4DDC242D88FA7A9948E5C6A9 /* Pods_operationTests.framework */; };
		FEE3E1D1BBFDF8C4CDC130F0 /* Pods_operation_operationUITests.framework in Frameworks */ = {isa = PBXBuildFile; fileRef = D47E60FE6EBF2EDC9DA9684D /* Pods_operation_operationUITests.framework */; };
/* End PBXBuildFile section */

/* Begin PBXContainerItemProxy section */
		4AE37FFD26BBE6BA00D64DE6 /* PBXContainerItemProxy */ = {
			isa = PBXContainerItemProxy;
			containerPortal = 4AE37FDE26BBE6B800D64DE6 /* Project object */;
			proxyType = 1;
			remoteGlobalIDString = 4AE37FE526BBE6B900D64DE6;
			remoteInfo = operation;
		};
		4AE3800826BBE6BA00D64DE6 /* PBXContainerItemProxy */ = {
			isa = PBXContainerItemProxy;
			containerPortal = 4AE37FDE26BBE6B800D64DE6 /* Project object */;
			proxyType = 1;
			remoteGlobalIDString = 4AE37FE526BBE6B900D64DE6;
			remoteInfo = operation;
		};
/* End PBXContainerItemProxy section */

/* Begin PBXFileReference section */
		28C9D2EA2D4A664359E13813 /* Pods-operation.debug.xcconfig */ = {isa = PBXFileReference; includeInIndex = 1; lastKnownFileType = text.xcconfig; name = "Pods-operation.debug.xcconfig"; path = "Target Support Files/Pods-operation/Pods-operation.debug.xcconfig"; sourceTree = "<group>"; };
		2E538E0A36C6D6ACC505101C /* Pods-operationTests.debug.xcconfig */ = {isa = PBXFileReference; includeInIndex = 1; lastKnownFileType = text.xcconfig; name = "Pods-operationTests.debug.xcconfig"; path = "Target Support Files/Pods-operationTests/Pods-operationTests.debug.xcconfig"; sourceTree = "<group>"; };
		320B1DC6B9E7102BBEEAC2D0 /* Pods-operation-operationUITests.debug.xcconfig */ = {isa = PBXFileReference; includeInIndex = 1; lastKnownFileType = text.xcconfig; name = "Pods-operation-operationUITests.debug.xcconfig"; path = "Target Support Files/Pods-operation-operationUITests/Pods-operation-operationUITests.debug.xcconfig"; sourceTree = "<group>"; };
		3C8E59ED37B16D0B091654DB /* Pods_operation.framework */ = {isa = PBXFileReference; explicitFileType = wrapper.framework; includeInIndex = 0; path = Pods_operation.framework; sourceTree = BUILT_PRODUCTS_DIR; };
		4AE37FE626BBE6B900D64DE6 /* operation.app */ = {isa = PBXFileReference; explicitFileType = wrapper.application; includeInIndex = 0; path = operation.app; sourceTree = BUILT_PRODUCTS_DIR; };
		4AE37FE926BBE6B900D64DE6 /* AppDelegate.swift */ = {isa = PBXFileReference; lastKnownFileType = sourcecode.swift; path = AppDelegate.swift; sourceTree = "<group>"; };
		4AE37FEB26BBE6B900D64DE6 /* SceneDelegate.swift */ = {isa = PBXFileReference; lastKnownFileType = sourcecode.swift; path = SceneDelegate.swift; sourceTree = "<group>"; };
		4AE37FED26BBE6B900D64DE6 /* ViewController.swift */ = {isa = PBXFileReference; lastKnownFileType = sourcecode.swift; path = ViewController.swift; sourceTree = "<group>"; };
		4AE37FF026BBE6B900D64DE6 /* Base */ = {isa = PBXFileReference; lastKnownFileType = file.storyboard; name = Base; path = Base.lproj/Main.storyboard; sourceTree = "<group>"; };
		4AE37FF226BBE6BA00D64DE6 /* Assets.xcassets */ = {isa = PBXFileReference; lastKnownFileType = folder.assetcatalog; path = Assets.xcassets; sourceTree = "<group>"; };
		4AE37FF526BBE6BA00D64DE6 /* Base */ = {isa = PBXFileReference; lastKnownFileType = file.storyboard; name = Base; path = Base.lproj/LaunchScreen.storyboard; sourceTree = "<group>"; };
		4AE37FF726BBE6BA00D64DE6 /* Info.plist */ = {isa = PBXFileReference; lastKnownFileType = text.plist.xml; path = Info.plist; sourceTree = "<group>"; };
		4AE37FFC26BBE6BA00D64DE6 /* operationTests.xctest */ = {isa = PBXFileReference; explicitFileType = wrapper.cfbundle; includeInIndex = 0; path = operationTests.xctest; sourceTree = BUILT_PRODUCTS_DIR; };
		4AE3800026BBE6BA00D64DE6 /* operationTests.swift */ = {isa = PBXFileReference; lastKnownFileType = sourcecode.swift; path = operationTests.swift; sourceTree = "<group>"; };
		4AE3800226BBE6BA00D64DE6 /* Info.plist */ = {isa = PBXFileReference; lastKnownFileType = text.plist.xml; path = Info.plist; sourceTree = "<group>"; };
		4AE3800726BBE6BA00D64DE6 /* operationUITests.xctest */ = {isa = PBXFileReference; explicitFileType = wrapper.cfbundle; includeInIndex = 0; path = operationUITests.xctest; sourceTree = BUILT_PRODUCTS_DIR; };
		4AE3800B26BBE6BA00D64DE6 /* operationUITests.swift */ = {isa = PBXFileReference; lastKnownFileType = sourcecode.swift; path = operationUITests.swift; sourceTree = "<group>"; };
		4AE3800D26BBE6BA00D64DE6 /* Info.plist */ = {isa = PBXFileReference; lastKnownFileType = text.plist.xml; path = Info.plist; sourceTree = "<group>"; };
		4AE3801926BBE80500D64DE6 /* ViewModel.swift */ = {isa = PBXFileReference; lastKnownFileType = sourcecode.swift; path = ViewModel.swift; sourceTree = "<group>"; };
		4DDC242D88FA7A9948E5C6A9 /* Pods_operationTests.framework */ = {isa = PBXFileReference; explicitFileType = wrapper.framework; includeInIndex = 0; path = Pods_operationTests.framework; sourceTree = BUILT_PRODUCTS_DIR; };
		63F3308E2B6B1051C5E24AA2 /* Pods-operation-operationUITests.release.xcconfig */ = {isa = PBXFileReference; includeInIndex = 1; lastKnownFileType = text.xcconfig; name = "Pods-operation-operationUITests.release.xcconfig"; path = "Target Support Files/Pods-operation-operationUITests/Pods-operation-operationUITests.release.xcconfig"; sourceTree = "<group>"; };
		8249F41FBE95EA2251C96360 /* Pods-operationTests.release.xcconfig */ = {isa = PBXFileReference; includeInIndex = 1; lastKnownFileType = text.xcconfig; name = "Pods-operationTests.release.xcconfig"; path = "Target Support Files/Pods-operationTests/Pods-operationTests.release.xcconfig"; sourceTree = "<group>"; };
		D47E60FE6EBF2EDC9DA9684D /* Pods_operation_operationUITests.framework */ = {isa = PBXFileReference; explicitFileType = wrapper.framework; includeInIndex = 0; path = Pods_operation_operationUITests.framework; sourceTree = BUILT_PRODUCTS_DIR; };
		E7C468A0B18B7BED9E297DBC /* Pods-operation.release.xcconfig */ = {isa = PBXFileReference; includeInIndex = 1; lastKnownFileType = text.xcconfig; name = "Pods-operation.release.xcconfig"; path = "Target Support Files/Pods-operation/Pods-operation.release.xcconfig"; sourceTree = "<group>"; };
/* End PBXFileReference section */

/* Begin PBXFrameworksBuildPhase section */
		4AE37FE326BBE6B900D64DE6 /* Frameworks */ = {
			isa = PBXFrameworksBuildPhase;
			buildActionMask = 2147483647;
			files = (
				395E4979316BC603296896A4 /* Pods_operation.framework in Frameworks */,
			);
			runOnlyForDeploymentPostprocessing = 0;
		};
		4AE37FF926BBE6BA00D64DE6 /* Frameworks */ = {
			isa = PBXFrameworksBuildPhase;
			buildActionMask = 2147483647;
			files = (
				67564A7177F76D06BB9E8EF6 /* Pods_operationTests.framework in Frameworks */,
			);
			runOnlyForDeploymentPostprocessing = 0;
		};
		4AE3800426BBE6BA00D64DE6 /* Frameworks */ = {
			isa = PBXFrameworksBuildPhase;
			buildActionMask = 2147483647;
			files = (
				FEE3E1D1BBFDF8C4CDC130F0 /* Pods_operation_operationUITests.framework in Frameworks */,
			);
			runOnlyForDeploymentPostprocessing = 0;
		};
/* End PBXFrameworksBuildPhase section */

/* Begin PBXGroup section */
		4AE37FDD26BBE6B800D64DE6 = {
			isa = PBXGroup;
			children = (
				4AE37FE826BBE6B900D64DE6 /* operation */,
				4AE37FFF26BBE6BA00D64DE6 /* operationTests */,
				4AE3800A26BBE6BA00D64DE6 /* operationUITests */,
				4AE37FE726BBE6B900D64DE6 /* Products */,
				B0FCA9C679AAE3D166868DB3 /* Pods */,
				EC95D9FB641DEF032EAE1DA0 /* Frameworks */,
			);
			sourceTree = "<group>";
		};
		4AE37FE726BBE6B900D64DE6 /* Products */ = {
			isa = PBXGroup;
			children = (
				4AE37FE626BBE6B900D64DE6 /* operation.app */,
				4AE37FFC26BBE6BA00D64DE6 /* operationTests.xctest */,
				4AE3800726BBE6BA00D64DE6 /* operationUITests.xctest */,
			);
			name = Products;
			sourceTree = "<group>";
		};
		4AE37FE826BBE6B900D64DE6 /* operation */ = {
			isa = PBXGroup;
			children = (
				4AE37FE926BBE6B900D64DE6 /* AppDelegate.swift */,
				4AE37FEB26BBE6B900D64DE6 /* SceneDelegate.swift */,
				4AE37FED26BBE6B900D64DE6 /* ViewController.swift */,
				4AE37FEF26BBE6B900D64DE6 /* Main.storyboard */,
				4AE37FF226BBE6BA00D64DE6 /* Assets.xcassets */,
				4AE37FF426BBE6BA00D64DE6 /* LaunchScreen.storyboard */,
				4AE37FF726BBE6BA00D64DE6 /* Info.plist */,
				4AE3801926BBE80500D64DE6 /* ViewModel.swift */,
			);
			path = operation;
			sourceTree = "<group>";
		};
		4AE37FFF26BBE6BA00D64DE6 /* operationTests */ = {
			isa = PBXGroup;
			children = (
				4AE3800026BBE6BA00D64DE6 /* operationTests.swift */,
				4AE3800226BBE6BA00D64DE6 /* Info.plist */,
			);
			path = operationTests;
			sourceTree = "<group>";
		};
		4AE3800A26BBE6BA00D64DE6 /* operationUITests */ = {
			isa = PBXGroup;
			children = (
				4AE3800B26BBE6BA00D64DE6 /* operationUITests.swift */,
				4AE3800D26BBE6BA00D64DE6 /* Info.plist */,
			);
			path = operationUITests;
			sourceTree = "<group>";
		};
		B0FCA9C679AAE3D166868DB3 /* Pods */ = {
			isa = PBXGroup;
			children = (
				28C9D2EA2D4A664359E13813 /* Pods-operation.debug.xcconfig */,
				E7C468A0B18B7BED9E297DBC /* Pods-operation.release.xcconfig */,
				320B1DC6B9E7102BBEEAC2D0 /* Pods-operation-operationUITests.debug.xcconfig */,
				63F3308E2B6B1051C5E24AA2 /* Pods-operation-operationUITests.release.xcconfig */,
				2E538E0A36C6D6ACC505101C /* Pods-operationTests.debug.xcconfig */,
				8249F41FBE95EA2251C96360 /* Pods-operationTests.release.xcconfig */,
			);
			path = Pods;
			sourceTree = "<group>";
		};
		EC95D9FB641DEF032EAE1DA0 /* Frameworks */ = {
			isa = PBXGroup;
			children = (
				3C8E59ED37B16D0B091654DB /* Pods_operation.framework */,
				D47E60FE6EBF2EDC9DA9684D /* Pods_operation_operationUITests.framework */,
				4DDC242D88FA7A9948E5C6A9 /* Pods_operationTests.framework */,
			);
			name = Frameworks;
			sourceTree = "<group>";
		};
/* End PBXGroup section */

/* Begin PBXNativeTarget section */
		4AE37FE526BBE6B900D64DE6 /* operation */ = {
			isa = PBXNativeTarget;
			buildConfigurationList = 4AE3801026BBE6BA00D64DE6 /* Build configuration list for PBXNativeTarget "operation" */;
			buildPhases = (
				5B1E7A4EDA1B582A63E63515 /* [CP] Check Pods Manifest.lock */,
				4AE37FE226BBE6B900D64DE6 /* Sources */,
				4AE37FE326BBE6B900D64DE6 /* Frameworks */,
				4AE37FE426BBE6B900D64DE6 /* Resources */,
				7B468E14BB7189F907C3BA47 /* [CP] Embed Pods Frameworks */,
			);
			buildRules = (
			);
			dependencies = (
			);
			name = operation;
			productName = operation;
			productReference = 4AE37FE626BBE6B900D64DE6 /* operation.app */;
			productType = "com.apple.product-type.application";
		};
		4AE37FFB26BBE6BA00D64DE6 /* operationTests */ = {
			isa = PBXNativeTarget;
			buildConfigurationList = 4AE3801326BBE6BA00D64DE6 /* Build configuration list for PBXNativeTarget "operationTests" */;
			buildPhases = (
				46000BD74C6A5002DDB8B337 /* [CP] Check Pods Manifest.lock */,
				4AE37FF826BBE6BA00D64DE6 /* Sources */,
				4AE37FF926BBE6BA00D64DE6 /* Frameworks */,
				4AE37FFA26BBE6BA00D64DE6 /* Resources */,
			);
			buildRules = (
			);
			dependencies = (
				4AE37FFE26BBE6BA00D64DE6 /* PBXTargetDependency */,
			);
			name = operationTests;
			productName = operationTests;
			productReference = 4AE37FFC26BBE6BA00D64DE6 /* operationTests.xctest */;
			productType = "com.apple.product-type.bundle.unit-test";
		};
		4AE3800626BBE6BA00D64DE6 /* operationUITests */ = {
			isa = PBXNativeTarget;
			buildConfigurationList = 4AE3801626BBE6BA00D64DE6 /* Build configuration list for PBXNativeTarget "operationUITests" */;
			buildPhases = (
				ED64DD0BC2B52F3079BE0248 /* [CP] Check Pods Manifest.lock */,
				4AE3800326BBE6BA00D64DE6 /* Sources */,
				4AE3800426BBE6BA00D64DE6 /* Frameworks */,
				4AE3800526BBE6BA00D64DE6 /* Resources */,
				71D03511D22483F48C544D99 /* [CP] Embed Pods Frameworks */,
			);
			buildRules = (
			);
			dependencies = (
				4AE3800926BBE6BA00D64DE6 /* PBXTargetDependency */,
			);
			name = operationUITests;
			productName = operationUITests;
			productReference = 4AE3800726BBE6BA00D64DE6 /* operationUITests.xctest */;
			productType = "com.apple.product-type.bundle.ui-testing";
		};
/* End PBXNativeTarget section */

/* Begin PBXProject section */
		4AE37FDE26BBE6B800D64DE6 /* Project object */ = {
			isa = PBXProject;
			attributes = {
				LastSwiftUpdateCheck = 1250;
				LastUpgradeCheck = 1250;
				TargetAttributes = {
					4AE37FE526BBE6B900D64DE6 = {
						CreatedOnToolsVersion = 12.5.1;
					};
					4AE37FFB26BBE6BA00D64DE6 = {
						CreatedOnToolsVersion = 12.5.1;
						TestTargetID = 4AE37FE526BBE6B900D64DE6;
					};
					4AE3800626BBE6BA00D64DE6 = {
						CreatedOnToolsVersion = 12.5.1;
						TestTargetID = 4AE37FE526BBE6B900D64DE6;
					};
				};
			};
			buildConfigurationList = 4AE37FE126BBE6B800D64DE6 /* Build configuration list for PBXProject "operation" */;
			compatibilityVersion = "Xcode 9.3";
			developmentRegion = en;
			hasScannedForEncodings = 0;
			knownRegions = (
				en,
				Base,
			);
			mainGroup = 4AE37FDD26BBE6B800D64DE6;
			productRefGroup = 4AE37FE726BBE6B900D64DE6 /* Products */;
			projectDirPath = "";
			projectRoot = "";
			targets = (
				4AE37FE526BBE6B900D64DE6 /* operation */,
				4AE37FFB26BBE6BA00D64DE6 /* operationTests */,
				4AE3800626BBE6BA00D64DE6 /* operationUITests */,
			);
		};
/* End PBXProject section */

/* Begin PBXResourcesBuildPhase section */
		4AE37FE426BBE6B900D64DE6 /* Resources */ = {
			isa = PBXResourcesBuildPhase;
			buildActionMask = 2147483647;
			files = (
				4AE37FF626BBE6BA00D64DE6 /* LaunchScreen.storyboard in Resources */,
				4AE37FF326BBE6BA00D64DE6 /* Assets.xcassets in Resources */,
				4AE37FF126BBE6B900D64DE6 /* Main.storyboard in Resources */,
			);
			runOnlyForDeploymentPostprocessing = 0;
		};
		4AE37FFA26BBE6BA00D64DE6 /* Resources */ = {
			isa = PBXResourcesBuildPhase;
			buildActionMask = 2147483647;
			files = (
			);
			runOnlyForDeploymentPostprocessing = 0;
		};
		4AE3800526BBE6BA00D64DE6 /* Resources */ = {
			isa = PBXResourcesBuildPhase;
			buildActionMask = 2147483647;
			files = (
			);
			runOnlyForDeploymentPostprocessing = 0;
		};
/* End PBXResourcesBuildPhase section */

/* Begin PBXShellScriptBuildPhase section */
		46000BD74C6A5002DDB8B337 /* [CP] Check Pods Manifest.lock */ = {
			isa = PBXShellScriptBuildPhase;
			buildActionMask = 2147483647;
			files = (
			);
			inputFileListPaths = (
			);
			inputPaths = (
				"${PODS_PODFILE_DIR_PATH}/Podfile.lock",
				"${PODS_ROOT}/Manifest.lock",
			);
			name = "[CP] Check Pods Manifest.lock";
			outputFileListPaths = (
			);
			outputPaths = (
				"$(DERIVED_FILE_DIR)/Pods-operationTests-checkManifestLockResult.txt",
			);
			runOnlyForDeploymentPostprocessing = 0;
			shellPath = /bin/sh;
			shellScript = "diff \"${PODS_PODFILE_DIR_PATH}/Podfile.lock\" \"${PODS_ROOT}/Manifest.lock\" > /dev/null\nif [ $? != 0 ] ; then\n    # print error to STDERR\n    echo \"error: The sandbox is not in sync with the Podfile.lock. Run 'pod install' or update your CocoaPods installation.\" >&2\n    exit 1\nfi\n# This output is used by Xcode 'outputs' to avoid re-running this script phase.\necho \"SUCCESS\" > \"${SCRIPT_OUTPUT_FILE_0}\"\n";
			showEnvVarsInLog = 0;
		};
		5B1E7A4EDA1B582A63E63515 /* [CP] Check Pods Manifest.lock */ = {
			isa = PBXShellScriptBuildPhase;
			buildActionMask = 2147483647;
			files = (
			);
			inputFileListPaths = (
			);
			inputPaths = (
				"${PODS_PODFILE_DIR_PATH}/Podfile.lock",
				"${PODS_ROOT}/Manifest.lock",
			);
			name = "[CP] Check Pods Manifest.lock";
			outputFileListPaths = (
			);
			outputPaths = (
				"$(DERIVED_FILE_DIR)/Pods-operation-checkManifestLockResult.txt",
			);
			runOnlyForDeploymentPostprocessing = 0;
			shellPath = /bin/sh;
			shellScript = "diff \"${PODS_PODFILE_DIR_PATH}/Podfile.lock\" \"${PODS_ROOT}/Manifest.lock\" > /dev/null\nif [ $? != 0 ] ; then\n    # print error to STDERR\n    echo \"error: The sandbox is not in sync with the Podfile.lock. Run 'pod install' or update your CocoaPods installation.\" >&2\n    exit 1\nfi\n# This output is used by Xcode 'outputs' to avoid re-running this script phase.\necho \"SUCCESS\" > \"${SCRIPT_OUTPUT_FILE_0}\"\n";
			showEnvVarsInLog = 0;
		};
		71D03511D22483F48C544D99 /* [CP] Embed Pods Frameworks */ = {
			isa = PBXShellScriptBuildPhase;
			buildActionMask = 2147483647;
			files = (
			);
			inputFileListPaths = (
				"${PODS_ROOT}/Target Support Files/Pods-operation-operationUITests/Pods-operation-operationUITests-frameworks-${CONFIGURATION}-input-files.xcfilelist",
			);
			name = "[CP] Embed Pods Frameworks";
			outputFileListPaths = (
				"${PODS_ROOT}/Target Support Files/Pods-operation-operationUITests/Pods-operation-operationUITests-frameworks-${CONFIGURATION}-output-files.xcfilelist",
			);
			runOnlyForDeploymentPostprocessing = 0;
			shellPath = /bin/sh;
			shellScript = "\"${PODS_ROOT}/Target Support Files/Pods-operation-operationUITests/Pods-operation-operationUITests-frameworks.sh\"\n";
			showEnvVarsInLog = 0;
		};
		7B468E14BB7189F907C3BA47 /* [CP] Embed Pods Frameworks */ = {
			isa = PBXShellScriptBuildPhase;
			buildActionMask = 2147483647;
			files = (
			);
			inputFileListPaths = (
				"${PODS_ROOT}/Target Support Files/Pods-operation/Pods-operation-frameworks-${CONFIGURATION}-input-files.xcfilelist",
			);
			name = "[CP] Embed Pods Frameworks";
			outputFileListPaths = (
				"${PODS_ROOT}/Target Support Files/Pods-operation/Pods-operation-frameworks-${CONFIGURATION}-output-files.xcfilelist",
			);
			runOnlyForDeploymentPostprocessing = 0;
			shellPath = /bin/sh;
			shellScript = "\"${PODS_ROOT}/Target Support Files/Pods-operation/Pods-operation-frameworks.sh\"\n";
			showEnvVarsInLog = 0;
		};
		ED64DD0BC2B52F3079BE0248 /* [CP] Check Pods Manifest.lock */ = {
			isa = PBXShellScriptBuildPhase;
			buildActionMask = 2147483647;
			files = (
			);
			inputFileListPaths = (
			);
			inputPaths = (
				"${PODS_PODFILE_DIR_PATH}/Podfile.lock",
				"${PODS_ROOT}/Manifest.lock",
			);
			name = "[CP] Check Pods Manifest.lock";
			outputFileListPaths = (
			);
			outputPaths = (
				"$(DERIVED_FILE_DIR)/Pods-operation-operationUITests-checkManifestLockResult.txt",
			);
			runOnlyForDeploymentPostprocessing = 0;
			shellPath = /bin/sh;
			shellScript = "diff \"${PODS_PODFILE_DIR_PATH}/Podfile.lock\" \"${PODS_ROOT}/Manifest.lock\" > /dev/null\nif [ $? != 0 ] ; then\n    # print error to STDERR\n    echo \"error: The sandbox is not in sync with the Podfile.lock. Run 'pod install' or update your CocoaPods installation.\" >&2\n    exit 1\nfi\n# This output is used by Xcode 'outputs' to avoid re-running this script phase.\necho \"SUCCESS\" > \"${SCRIPT_OUTPUT_FILE_0}\"\n";
			showEnvVarsInLog = 0;
		};
/* End PBXShellScriptBuildPhase section */

/* Begin PBXSourcesBuildPhase section */
		4AE37FE226BBE6B900D64DE6 /* Sources */ = {
			isa = PBXSourcesBuildPhase;
			buildActionMask = 2147483647;
			files = (
				4AE37FEE26BBE6B900D64DE6 /* ViewController.swift in Sources */,
				4AE37FEA26BBE6B900D64DE6 /* AppDelegate.swift in Sources */,
				4AE3801A26BBE80500D64DE6 /* ViewModel.swift in Sources */,
				4AE37FEC26BBE6B900D64DE6 /* SceneDelegate.swift in Sources */,
			);
			runOnlyForDeploymentPostprocessing = 0;
		};
		4AE37FF826BBE6BA00D64DE6 /* Sources */ = {
			isa = PBXSourcesBuildPhase;
			buildActionMask = 2147483647;
			files = (
				4AE3800126BBE6BA00D64DE6 /* operationTests.swift in Sources */,
			);
			runOnlyForDeploymentPostprocessing = 0;
		};
		4AE3800326BBE6BA00D64DE6 /* Sources */ = {
			isa = PBXSourcesBuildPhase;
			buildActionMask = 2147483647;
			files = (
				4AE3800C26BBE6BA00D64DE6 /* operationUITests.swift in Sources */,
			);
			runOnlyForDeploymentPostprocessing = 0;
		};
/* End PBXSourcesBuildPhase section */

/* Begin PBXTargetDependency section */
		4AE37FFE26BBE6BA00D64DE6 /* PBXTargetDependency */ = {
			isa = PBXTargetDependency;
			target = 4AE37FE526BBE6B900D64DE6 /* operation */;
			targetProxy = 4AE37FFD26BBE6BA00D64DE6 /* PBXContainerItemProxy */;
		};
		4AE3800926BBE6BA00D64DE6 /* PBXTargetDependency */ = {
			isa = PBXTargetDependency;
			target = 4AE37FE526BBE6B900D64DE6 /* operation */;
			targetProxy = 4AE3800826BBE6BA00D64DE6 /* PBXContainerItemProxy */;
		};
/* End PBXTargetDependency section */

/* Begin PBXVariantGroup section */
		4AE37FEF26BBE6B900D64DE6 /* Main.storyboard */ = {
			isa = PBXVariantGroup;
			children = (
				4AE37FF026BBE6B900D64DE6 /* Base */,
			);
			name = Main.storyboard;
			sourceTree = "<group>";
		};
		4AE37FF426BBE6BA00D64DE6 /* LaunchScreen.storyboard */ = {
			isa = PBXVariantGroup;
			children = (
				4AE37FF526BBE6BA00D64DE6 /* Base */,
			);
			name = LaunchScreen.storyboard;
			sourceTree = "<group>";
		};
/* End PBXVariantGroup section */

/* Begin XCBuildConfiguration section */
		4AE3800E26BBE6BA00D64DE6 /* Debug */ = {
			isa = XCBuildConfiguration;
			buildSettings = {
				ALWAYS_SEARCH_USER_PATHS = NO;
				CLANG_ANALYZER_NONNULL = YES;
				CLANG_ANALYZER_NUMBER_OBJECT_CONVERSION = YES_AGGRESSIVE;
				CLANG_CXX_LANGUAGE_STANDARD = "gnu++14";
				CLANG_CXX_LIBRARY = "libc++";
				CLANG_ENABLE_MODULES = YES;
				CLANG_ENABLE_OBJC_ARC = YES;
				CLANG_ENABLE_OBJC_WEAK = YES;
				CLANG_WARN_BLOCK_CAPTURE_AUTORELEASING = YES;
				CLANG_WARN_BOOL_CONVERSION = YES;
				CLANG_WARN_COMMA = YES;
				CLANG_WARN_CONSTANT_CONVERSION = YES;
				CLANG_WARN_DEPRECATED_OBJC_IMPLEMENTATIONS = YES;
				CLANG_WARN_DIRECT_OBJC_ISA_USAGE = YES_ERROR;
				CLANG_WARN_DOCUMENTATION_COMMENTS = YES;
				CLANG_WARN_EMPTY_BODY = YES;
				CLANG_WARN_ENUM_CONVERSION = YES;
				CLANG_WARN_INFINITE_RECURSION = YES;
				CLANG_WARN_INT_CONVERSION = YES;
				CLANG_WARN_NON_LITERAL_NULL_CONVERSION = YES;
				CLANG_WARN_OBJC_IMPLICIT_RETAIN_SELF = YES;
				CLANG_WARN_OBJC_LITERAL_CONVERSION = YES;
				CLANG_WARN_OBJC_ROOT_CLASS = YES_ERROR;
				CLANG_WARN_QUOTED_INCLUDE_IN_FRAMEWORK_HEADER = YES;
				CLANG_WARN_RANGE_LOOP_ANALYSIS = YES;
				CLANG_WARN_STRICT_PROTOTYPES = YES;
				CLANG_WARN_SUSPICIOUS_MOVE = YES;
				CLANG_WARN_UNGUARDED_AVAILABILITY = YES_AGGRESSIVE;
				CLANG_WARN_UNREACHABLE_CODE = YES;
				CLANG_WARN__DUPLICATE_METHOD_MATCH = YES;
				COPY_PHASE_STRIP = NO;
				DEBUG_INFORMATION_FORMAT = dwarf;
				ENABLE_STRICT_OBJC_MSGSEND = YES;
				ENABLE_TESTABILITY = YES;
				GCC_C_LANGUAGE_STANDARD = gnu11;
				GCC_DYNAMIC_NO_PIC = NO;
				GCC_NO_COMMON_BLOCKS = YES;
				GCC_OPTIMIZATION_LEVEL = 0;
				GCC_PREPROCESSOR_DEFINITIONS = (
					"DEBUG=1",
					"$(inherited)",
				);
				GCC_WARN_64_TO_32_BIT_CONVERSION = YES;
				GCC_WARN_ABOUT_RETURN_TYPE = YES_ERROR;
				GCC_WARN_UNDECLARED_SELECTOR = YES;
				GCC_WARN_UNINITIALIZED_AUTOS = YES_AGGRESSIVE;
				GCC_WARN_UNUSED_FUNCTION = YES;
				GCC_WARN_UNUSED_VARIABLE = YES;
				IPHONEOS_DEPLOYMENT_TARGET = 14.5;
				MTL_ENABLE_DEBUG_INFO = INCLUDE_SOURCE;
				MTL_FAST_MATH = YES;
				ONLY_ACTIVE_ARCH = YES;
				SDKROOT = iphoneos;
				SWIFT_ACTIVE_COMPILATION_CONDITIONS = DEBUG;
				SWIFT_OPTIMIZATION_LEVEL = "-Onone";
			};
			name = Debug;
		};
		4AE3800F26BBE6BA00D64DE6 /* Release */ = {
			isa = XCBuildConfiguration;
			buildSettings = {
				ALWAYS_SEARCH_USER_PATHS = NO;
				CLANG_ANALYZER_NONNULL = YES;
				CLANG_ANALYZER_NUMBER_OBJECT_CONVERSION = YES_AGGRESSIVE;
				CLANG_CXX_LANGUAGE_STANDARD = "gnu++14";
				CLANG_CXX_LIBRARY = "libc++";
				CLANG_ENABLE_MODULES = YES;
				CLANG_ENABLE_OBJC_ARC = YES;
				CLANG_ENABLE_OBJC_WEAK = YES;
				CLANG_WARN_BLOCK_CAPTURE_AUTORELEASING = YES;
				CLANG_WARN_BOOL_CONVERSION = YES;
				CLANG_WARN_COMMA = YES;
				CLANG_WARN_CONSTANT_CONVERSION = YES;
				CLANG_WARN_DEPRECATED_OBJC_IMPLEMENTATIONS = YES;
				CLANG_WARN_DIRECT_OBJC_ISA_USAGE = YES_ERROR;
				CLANG_WARN_DOCUMENTATION_COMMENTS = YES;
				CLANG_WARN_EMPTY_BODY = YES;
				CLANG_WARN_ENUM_CONVERSION = YES;
				CLANG_WARN_INFINITE_RECURSION = YES;
				CLANG_WARN_INT_CONVERSION = YES;
				CLANG_WARN_NON_LITERAL_NULL_CONVERSION = YES;
				CLANG_WARN_OBJC_IMPLICIT_RETAIN_SELF = YES;
				CLANG_WARN_OBJC_LITERAL_CONVERSION = YES;
				CLANG_WARN_OBJC_ROOT_CLASS = YES_ERROR;
				CLANG_WARN_QUOTED_INCLUDE_IN_FRAMEWORK_HEADER = YES;
				CLANG_WARN_RANGE_LOOP_ANALYSIS = YES;
				CLANG_WARN_STRICT_PROTOTYPES = YES;
				CLANG_WARN_SUSPICIOUS_MOVE = YES;
				CLANG_WARN_UNGUARDED_AVAILABILITY = YES_AGGRESSIVE;
				CLANG_WARN_UNREACHABLE_CODE = YES;
				CLANG_WARN__DUPLICATE_METHOD_MATCH = YES;
				COPY_PHASE_STRIP = NO;
				DEBUG_INFORMATION_FORMAT = "dwarf-with-dsym";
				ENABLE_NS_ASSERTIONS = NO;
				ENABLE_STRICT_OBJC_MSGSEND = YES;
				GCC_C_LANGUAGE_STANDARD = gnu11;
				GCC_NO_COMMON_BLOCKS = YES;
				GCC_WARN_64_TO_32_BIT_CONVERSION = YES;
				GCC_WARN_ABOUT_RETURN_TYPE = YES_ERROR;
				GCC_WARN_UNDECLARED_SELECTOR = YES;
				GCC_WARN_UNINITIALIZED_AUTOS = YES_AGGRESSIVE;
				GCC_WARN_UNUSED_FUNCTION = YES;
				GCC_WARN_UNUSED_VARIABLE = YES;
				IPHONEOS_DEPLOYMENT_TARGET = 14.5;
				MTL_ENABLE_DEBUG_INFO = NO;
				MTL_FAST_MATH = YES;
				SDKROOT = iphoneos;
				SWIFT_COMPILATION_MODE = wholemodule;
				SWIFT_OPTIMIZATION_LEVEL = "-O";
				VALIDATE_PRODUCT = YES;
			};
			name = Release;
		};
		4AE3801126BBE6BA00D64DE6 /* Debug */ = {
			isa = XCBuildConfiguration;
			baseConfigurationReference = 28C9D2EA2D4A664359E13813 /* Pods-operation.debug.xcconfig */;
			buildSettings = {
				ASSETCATALOG_COMPILER_APPICON_NAME = AppIcon;
				ASSETCATALOG_COMPILER_GLOBAL_ACCENT_COLOR_NAME = AccentColor;
				CODE_SIGN_STYLE = Automatic;
				INFOPLIST_FILE = operation/Info.plist;
				LD_RUNPATH_SEARCH_PATHS = (
					"$(inherited)",
					"@executable_path/Frameworks",
				);
				PRODUCT_BUNDLE_IDENTIFIER = com.ddsolution.operation;
				PRODUCT_NAME = "$(TARGET_NAME)";
				SWIFT_VERSION = 5.0;
				TARGETED_DEVICE_FAMILY = "1,2";
			};
			name = Debug;
		};
		4AE3801226BBE6BA00D64DE6 /* Release */ = {
			isa = XCBuildConfiguration;
			baseConfigurationReference = E7C468A0B18B7BED9E297DBC /* Pods-operation.release.xcconfig */;
			buildSettings = {
				ASSETCATALOG_COMPILER_APPICON_NAME = AppIcon;
				ASSETCATALOG_COMPILER_GLOBAL_ACCENT_COLOR_NAME = AccentColor;
				CODE_SIGN_STYLE = Automatic;
				INFOPLIST_FILE = operation/Info.plist;
				LD_RUNPATH_SEARCH_PATHS = (
					"$(inherited)",
					"@executable_path/Frameworks",
				);
				PRODUCT_BUNDLE_IDENTIFIER = com.ddsolution.operation;
				PRODUCT_NAME = "$(TARGET_NAME)";
				SWIFT_VERSION = 5.0;
				TARGETED_DEVICE_FAMILY = "1,2";
			};
			name = Release;
		};
		4AE3801426BBE6BA00D64DE6 /* Debug */ = {
			isa = XCBuildConfiguration;
			baseConfigurationReference = 2E538E0A36C6D6ACC505101C /* Pods-operationTests.debug.xcconfig */;
			buildSettings = {
				ALWAYS_EMBED_SWIFT_STANDARD_LIBRARIES = YES;
				BUNDLE_LOADER = "$(TEST_HOST)";
				CODE_SIGN_STYLE = Automatic;
				INFOPLIST_FILE = operationTests/Info.plist;
				IPHONEOS_DEPLOYMENT_TARGET = 14.5;
				LD_RUNPATH_SEARCH_PATHS = (
					"$(inherited)",
					"@executable_path/Frameworks",
					"@loader_path/Frameworks",
				);
				PRODUCT_BUNDLE_IDENTIFIER = com.ddsolution.operationTests;
				PRODUCT_NAME = "$(TARGET_NAME)";
				SWIFT_VERSION = 5.0;
				TARGETED_DEVICE_FAMILY = "1,2";
				TEST_HOST = "$(BUILT_PRODUCTS_DIR)/operation.app/operation";
			};
			name = Debug;
		};
		4AE3801526BBE6BA00D64DE6 /* Release */ = {
			isa = XCBuildConfiguration;
			baseConfigurationReference = 8249F41FBE95EA2251C96360 /* Pods-operationTests.release.xcconfig */;
			buildSettings = {
				ALWAYS_EMBED_SWIFT_STANDARD_LIBRARIES = YES;
				BUNDLE_LOADER = "$(TEST_HOST)";
				CODE_SIGN_STYLE = Automatic;
				INFOPLIST_FILE = operationTests/Info.plist;
				IPHONEOS_DEPLOYMENT_TARGET = 14.5;
				LD_RUNPATH_SEARCH_PATHS = (
					"$(inherited)",
					"@executable_path/Frameworks",
					"@loader_path/Frameworks",
				);
				PRODUCT_BUNDLE_IDENTIFIER = com.ddsolution.operationTests;
				PRODUCT_NAME = "$(TARGET_NAME)";
				SWIFT_VERSION = 5.0;
				TARGETED_DEVICE_FAMILY = "1,2";
				TEST_HOST = "$(BUILT_PRODUCTS_DIR)/operation.app/operation";
			};
			name = Release;
		};
		4AE3801726BBE6BA00D64DE6 /* Debug */ = {
			isa = XCBuildConfiguration;
			baseConfigurationReference = 320B1DC6B9E7102BBEEAC2D0 /* Pods-operation-operationUITests.debug.xcconfig */;
			buildSettings = {
				ALWAYS_EMBED_SWIFT_STANDARD_LIBRARIES = YES;
				CODE_SIGN_STYLE = Automatic;
				INFOPLIST_FILE = operationUITests/Info.plist;
				LD_RUNPATH_SEARCH_PATHS = (
					"$(inherited)",
					"@executable_path/Frameworks",
					"@loader_path/Frameworks",
				);
				PRODUCT_BUNDLE_IDENTIFIER = com.ddsolution.operationUITests;
				PRODUCT_NAME = "$(TARGET_NAME)";
				SWIFT_VERSION = 5.0;
				TARGETED_DEVICE_FAMILY = "1,2";
				TEST_TARGET_NAME = operation;
			};
			name = Debug;
		};
		4AE3801826BBE6BA00D64DE6 /* Release */ = {
			isa = XCBuildConfiguration;
			baseConfigurationReference = 63F3308E2B6B1051C5E24AA2 /* Pods-operation-operationUITests.release.xcconfig */;
			buildSettings = {
				ALWAYS_EMBED_SWIFT_STANDARD_LIBRARIES = YES;
				CODE_SIGN_STYLE = Automatic;
				INFOPLIST_FILE = operationUITests/Info.plist;
				LD_RUNPATH_SEARCH_PATHS = (
					"$(inherited)",
					"@executable_path/Frameworks",
					"@loader_path/Frameworks",
				);
				PRODUCT_BUNDLE_IDENTIFIER = com.ddsolution.operationUITests;
				PRODUCT_NAME = "$(TARGET_NAME)";
				SWIFT_VERSION = 5.0;
				TARGETED_DEVICE_FAMILY = "1,2";
				TEST_TARGET_NAME = operation;
			};
			name = Release;
		};
/* End XCBuildConfiguration section */

/* Begin XCConfigurationList section */
		4AE37FE126BBE6B800D64DE6 /* Build configuration list for PBXProject "operation" */ = {
			isa = XCConfigurationList;
			buildConfigurations = (
				4AE3800E26BBE6BA00D64DE6 /* Debug */,
				4AE3800F26BBE6BA00D64DE6 /* Release */,
			);
			defaultConfigurationIsVisible = 0;
			defaultConfigurationName = Release;
		};
		4AE3801026BBE6BA00D64DE6 /* Build configuration list for PBXNativeTarget "operation" */ = {
			isa = XCConfigurationList;
			buildConfigurations = (
				4AE3801126BBE6BA00D64DE6 /* Debug */,
				4AE3801226BBE6BA00D64DE6 /* Release */,
			);
			defaultConfigurationIsVisible = 0;
			defaultConfigurationName = Release;
		};
		4AE3801326BBE6BA00D64DE6 /* Build configuration list for PBXNativeTarget "operationTests" */ = {
			isa = XCConfigurationList;
			buildConfigurations = (
				4AE3801426BBE6BA00D64DE6 /* Debug */,
				4AE3801526BBE6BA00D64DE6 /* Release */,
			);
			defaultConfigurationIsVisible = 0;
			defaultConfigurationName = Release;
		};
		4AE3801626BBE6BA00D64DE6 /* Build configuration list for PBXNativeTarget "operationUITests" */ = {
			isa = XCConfigurationList;
			buildConfigurations = (
				4AE3801726BBE6BA00D64DE6 /* Debug */,
				4AE3801826BBE6BA00D64DE6 /* Release */,
			);
			defaultConfigurationIsVisible = 0;
			defaultConfigurationName = Release;
		};
/* End XCConfigurationList section */
	};
	rootObject = 4AE37FDE26BBE6B800D64DE6 /* Project object */;
}
